
Microsoft Visual Studio Solution File, Format Version 12.00
# Visual Studio Version 17
VisualStudioVersion = 17.14.36221.1 d17.14
MinimumVisualStudioVersion = 10.0.40219.1
Project("{FAE04EC0-301F-11D3-BF4B-00C04F79EFBC}") = "Next_generationSite_27", "Next_generationSite_27.csproj", "{777301C6-90CC-4525-A6E2-789DD0534090}"
EndProject
Global
	GlobalSection(SolutionConfigurationPlatforms) = preSolution
		Debug|Any CPU = Debug|Any CPU
		Debug|x64 = Debug|x64
		Release|Any CPU = Release|Any CPU
		Release|x64 = Release|x64
	EndGlobalSection
	GlobalSection(ProjectConfigurationPlatforms) = postSolution
		{777301C6-90CC-4525-A6E2-789DD0534090}.Debug|Any CPU.ActiveCfg = Debug|Any CPU
		{777301C6-90CC-4525-A6E2-789DD0534090}.Debug|Any CPU.Build.0 = Debug|Any CPU
		{777301C6-90CC-4525-A6E2-789DD0534090}.Debug|x64.ActiveCfg = Debug|x64
		{777301C6-90CC-4525-A6E2-789DD0534090}.Debug|x64.Build.0 = Debug|x64
		{777301C6-90CC-4525-A6E2-789DD0534090}.Release|Any CPU.ActiveCfg = Release|Any CPU
		{777301C6-90CC-4525-A6E2-789DD0534090}.Release|Any CPU.Build.0 = Release|Any CPU
		{777301C6-90CC-4525-A6E2-789DD0534090}.Release|x64.ActiveCfg = Release|x64
		{777301C6-90CC-4525-A6E2-789DD0534090}.Release|x64.Build.0 = Release|x64
	EndGlobalSection
	GlobalSection(SolutionProperties) = preSolution
		HideSolutionNode = FALSE
	EndGlobalSection
	GlobalSection(ExtensibilityGlobals) = postSolution
		SolutionGuid = {B8A6D5E5-F388-43DF-84FC-C4FFBF42B8BB}
	EndGlobalSection
EndGlobal
